
Microsoft Visual Studio Solution File, Format Version 9.00
# Visual Studio 2005
Project("{8BC9CEB8-8B4A-11D0-8D11-00A0C91BC942}") = "dihat_prost_2", "dihat_prost_2\dihat_prost_2.vcproj", "{54224F59-F02C-473D-96DE-B021CF20BB83}"
EndProject
Global
	GlobalSection(SolutionConfigurationPlatforms) = preSolution
		Debug|Win32 = Debug|Win32
		Release|Win32 = Release|Win32
	EndGlobalSection
	GlobalSection(ProjectConfigurationPlatforms) = postSolution
		{54224F59-F02C-473D-96DE-B021CF20BB83}.Debug|Win32.ActiveCfg = Debug|Win32
		{54224F59-F02C-473D-96DE-B021CF20BB83}.Debug|Win32.Build.0 = Debug|Win32
		{54224F59-F02C-473D-96DE-B021CF20BB83}.Release|Win32.ActiveCfg = Release|Win32
		{54224F59-F02C-473D-96DE-B021CF20BB83}.Release|Win32.Build.0 = Release|Win32
	EndGlobalSection
	GlobalSection(SolutionProperties) = preSolution
		HideSolutionNode = FALSE
	EndGlobalSection
EndGlobal
